{
  "name": "meteor-mdc",
  "version": "1.0.0",
  "lockfileVersion": 1,
  "requires": true,
  "dependencies": {
    "@material/animation": {
      "version": "0.2.3",
      "resolved": "https://registry.npmjs.org/@material/animation/-/animation-0.2.3.tgz",
      "integrity": "sha1-JfJJYs1knnZFmharI0t4Rqen9Bk="
    },
    "@material/auto-init": {
      "version": "0.1.2",
      "resolved": "https://registry.npmjs.org/@material/auto-init/-/auto-init-0.1.2.tgz",
      "integrity": "sha1-ptX4jv/wjAh+U/VcLN+7Is5vSQE="
    },
    "@material/base": {
      "version": "0.2.2",
      "resolved": "https://registry.npmjs.org/@material/base/-/base-0.2.2.tgz",
      "integrity": "sha1-iOak9v06NfYcG70DGXWxSxu7MNM="
    },
    "@material/button": {
      "version": "0.3.9",
      "resolved": "https://registry.npmjs.org/@material/button/-/button-0.3.9.tgz",
      "integrity": "sha1-PV0Iq+zR4qOmR2orUj/ixFaXGjQ=",
      "requires": {
        "@material/animation": "0.2.3",
        "@material/elevation": "0.1.9",
        "@material/ripple": "0.8.0",
        "@material/theme": "0.1.5"
      }
    },
    "@material/card": {
      "version": "0.2.4",
      "resolved": "https://registry.npmjs.org/@material/card/-/card-0.2.4.tgz",
      "integrity": "sha1-CXsyMa6AfiLAtK4wocDmjyb9vEw=",
      "requires": {
        "@material/elevation": "0.1.9",
        "@material/rtl": "0.1.6",
        "@material/theme": "0.1.5",
        "@material/typography": "0.2.2"
      }
    },
    "@material/checkbox": {
      "version": "0.4.0",
      "resolved": "https://registry.npmjs.org/@material/checkbox/-/checkbox-0.4.0.tgz",
      "integrity": "sha1-TknkjpKODZteiKvCiLMASDpU/XQ=",
      "requires": {
        "@material/animation": "0.2.3",
        "@material/base": "0.2.2",
        "@material/ripple": "0.8.0",
        "@material/rtl": "0.1.6",
        "@material/theme": "0.1.5"
      }
    },
    "@material/dialog": {
      "version": "0.3.3",
      "resolved": "https://registry.npmjs.org/@material/dialog/-/dialog-0.3.3.tgz",
      "integrity": "sha1-KXQu7mqDmLD4kuGR/hI7U+FYTlA=",
      "requires": {
        "@material/animation": "0.2.3",
        "@material/base": "0.2.2",
        "@material/elevation": "0.1.9",
        "@material/ripple": "0.8.0",
        "@material/rtl": "0.1.6",
        "@material/theme": "0.1.5",
        "@material/typography": "0.1.1",
        "focus-trap": "2.3.0"
      },
      "dependencies": {
        "@material/typography": {
          "version": "0.1.1",
          "resolved": "https://registry.npmjs.org/@material/typography/-/typography-0.1.1.tgz",
          "integrity": "sha1-+y40N70yhNOen7kUhXZ63msr0ME="
        }
      }
    },
    "@material/drawer": {
      "version": "0.5.2",
      "resolved": "https://registry.npmjs.org/@material/drawer/-/drawer-0.5.2.tgz",
      "integrity": "sha1-PHh49bL0+jsobJ49CJ4yUbFVAb0=",
      "requires": {
        "@material/animation": "0.2.3",
        "@material/base": "0.2.2",
        "@material/elevation": "0.1.9",
        "@material/rtl": "0.1.6",
        "@material/theme": "0.1.5",
        "@material/typography": "0.2.2"
      }
    },
    "@material/elevation": {
      "version": "0.1.9",
      "resolved": "https://registry.npmjs.org/@material/elevation/-/elevation-0.1.9.tgz",
      "integrity": "sha1-1UwRucV4VQcqt8WWNri2qHh8dvQ=",
      "requires": {
        "@material/animation": "0.2.3"
      }
    },
    "@material/fab": {
      "version": "0.3.11",
      "resolved": "https://registry.npmjs.org/@material/fab/-/fab-0.3.11.tgz",
      "integrity": "sha1-Iey0TV+yfkDsEAGP3emMgUMrGeo=",
      "requires": {
        "@material/animation": "0.2.3",
        "@material/elevation": "0.1.9",
        "@material/ripple": "0.8.0",
        "@material/theme": "0.1.5"
      }
    },
    "@material/form-field": {
      "version": "0.2.9",
      "resolved": "https://registry.npmjs.org/@material/form-field/-/form-field-0.2.9.tgz",
      "integrity": "sha1-vqiFzJVjqyp/pAnxUi4qJEIJB7g=",
      "requires": {
        "@material/base": "0.2.2",
        "@material/rtl": "0.1.6",
        "@material/theme": "0.1.5",
        "@material/typography": "0.2.2"
      }
    },
    "@material/grid-list": {
      "version": "0.2.6",
      "resolved": "https://registry.npmjs.org/@material/grid-list/-/grid-list-0.2.6.tgz",
      "integrity": "sha1-bBg28LNXr+kOHxI1aWCrdvWYL68=",
      "requires": {
        "@material/base": "0.2.2",
        "@material/rtl": "0.1.6",
        "@material/theme": "0.1.5",
        "@material/typography": "0.2.2"
      }
    },
    "@material/icon-toggle": {
      "version": "0.1.14",
      "resolved": "https://registry.npmjs.org/@material/icon-toggle/-/icon-toggle-0.1.14.tgz",
      "integrity": "sha1-fyiJYuFr0rduMLRqEk9epkc/aSY=",
      "requires": {
        "@material/animation": "0.2.3",
        "@material/base": "0.2.2",
        "@material/ripple": "0.8.0",
        "@material/theme": "0.1.5"
      }
    },
    "@material/layout-grid": {
      "version": "0.4.0",
      "resolved": "https://registry.npmjs.org/@material/layout-grid/-/layout-grid-0.4.0.tgz",
      "integrity": "sha1-xqSN0PLAmB4Awh2aaeSlq44/vR4="
    },
    "@material/linear-progress": {
      "version": "0.1.4",
      "resolved": "https://registry.npmjs.org/@material/linear-progress/-/linear-progress-0.1.4.tgz",
      "integrity": "sha1-SGsevVaBoAPdfJmWbEBkDWbmsNg=",
      "requires": {
        "@material/animation": "0.2.3",
        "@material/base": "0.2.2",
        "@material/theme": "0.1.5"
      }
    },
    "@material/list": {
      "version": "0.2.12",
      "resolved": "https://registry.npmjs.org/@material/list/-/list-0.2.12.tgz",
      "integrity": "sha1-MB5rC8L0hhPZiTob7Qd1WZzu8f4=",
      "requires": {
        "@material/ripple": "0.8.0",
        "@material/rtl": "0.1.6",
        "@material/theme": "0.1.5",
        "@material/typography": "0.2.2"
      }
    },
    "@material/menu": {
      "version": "0.4.1",
      "resolved": "https://registry.npmjs.org/@material/menu/-/menu-0.4.1.tgz",
      "integrity": "sha1-/NVzpq6QlxmZ1xEWKV028Zlr1gQ=",
      "requires": {
        "@material/animation": "0.2.3",
        "@material/base": "0.2.2",
        "@material/elevation": "0.1.9",
        "@material/theme": "0.1.5",
        "@material/typography": "0.2.2"
      }
    },
    "@material/radio": {
      "version": "0.2.7",
      "resolved": "https://registry.npmjs.org/@material/radio/-/radio-0.2.7.tgz",
      "integrity": "sha1-8N1gbLrzy1w4Mxh1Ykmd3Fs2jyg=",
      "requires": {
        "@material/animation": "0.2.3",
        "@material/base": "0.2.2",
        "@material/ripple": "0.8.0",
        "@material/theme": "0.1.5"
      }
    },
    "@material/ripple": {
      "version": "0.8.0",
      "resolved": "https://registry.npmjs.org/@material/ripple/-/ripple-0.8.0.tgz",
      "integrity": "sha1-yCSYJ7OO6K8xEJj5P2BMfdipYbg=",
      "requires": {
        "@material/base": "0.2.2",
        "@material/theme": "0.1.5"
      }
    },
    "@material/rtl": {
      "version": "0.1.6",
      "resolved": "https://registry.npmjs.org/@material/rtl/-/rtl-0.1.6.tgz",
      "integrity": "sha1-ZIl/MFCyxTw3jGtKfSmYz2GyRFs="
    },
    "@material/select": {
      "version": "0.3.10",
      "resolved": "https://registry.npmjs.org/@material/select/-/select-0.3.10.tgz",
      "integrity": "sha1-nae1hoHcwJmeZ9MdVMDcyvGfRcg=",
      "requires": {
        "@material/animation": "0.2.3",
        "@material/base": "0.2.2",
        "@material/list": "0.2.12",
        "@material/menu": "0.4.1",
        "@material/rtl": "0.1.6",
        "@material/theme": "0.1.5",
        "@material/typography": "0.2.2"
      }
    },
    "@material/slider": {
      "version": "0.2.0",
      "resolved": "https://registry.npmjs.org/@material/slider/-/slider-0.2.0.tgz",
      "integrity": "sha1-GpKThFA8o7IPzyLbWE8DSx4gYuM=",
      "requires": {
        "@material/animation": "0.2.3",
        "@material/base": "0.2.2",
        "@material/rtl": "0.1.6",
        "@material/theme": "0.1.5"
      }
    },
    "@material/snackbar": {
      "version": "0.3.0",
      "resolved": "https://registry.npmjs.org/@material/snackbar/-/snackbar-0.3.0.tgz",
      "integrity": "sha1-icVYb9+0qIHFjMjsxeRZXdhalAI=",
      "requires": {
        "@material/animation": "0.2.3",
        "@material/base": "0.2.2",
        "@material/button": "0.3.9",
        "@material/rtl": "0.1.6",
        "@material/theme": "0.1.5",
        "@material/typography": "0.2.2"
      }
    },
    "@material/switch": {
      "version": "0.1.9",
      "resolved": "https://registry.npmjs.org/@material/switch/-/switch-0.1.9.tgz",
      "integrity": "sha1-HdqqZnXJ45m1tN1MCQGgg4yQ5cY=",
      "requires": {
        "@material/animation": "0.2.3",
        "@material/elevation": "0.1.9",
        "@material/theme": "0.1.5"
      }
    },
    "@material/tabs": {
      "version": "0.2.3",
      "resolved": "https://registry.npmjs.org/@material/tabs/-/tabs-0.2.3.tgz",
      "integrity": "sha1-eUuQaNzkc5ekRVZQUbET8UW+LPk=",
      "requires": {
        "@material/animation": "0.2.3",
        "@material/base": "0.2.2",
        "@material/ripple": "0.8.0",
        "@material/rtl": "0.1.6",
        "@material/theme": "0.1.5",
        "@material/typography": "0.2.2"
      }
    },
    "@material/textfield": {
      "version": "0.3.1",
      "resolved": "https://registry.npmjs.org/@material/textfield/-/textfield-0.3.1.tgz",
      "integrity": "sha1-jPavyJ+h0ADKMs/jC/qhkvw78/8=",
      "requires": {
        "@material/animation": "0.2.3",
        "@material/base": "0.2.2",
        "@material/ripple": "0.8.0",
        "@material/rtl": "0.1.6",
        "@material/theme": "0.1.5",
        "@material/typography": "0.2.2"
      }
    },
    "@material/theme": {
      "version": "0.1.5",
      "resolved": "https://registry.npmjs.org/@material/theme/-/theme-0.1.5.tgz",
      "integrity": "sha1-XHvZoZdNjBwOrPA34CNarZxctpk="
    },
    "@material/toolbar": {
      "version": "0.4.2",
      "resolved": "https://registry.npmjs.org/@material/toolbar/-/toolbar-0.4.2.tgz",
      "integrity": "sha1-udR3kFSISForG/mtuypenJIh9ic=",
      "requires": {
        "@material/base": "0.2.2",
        "@material/elevation": "0.1.9",
        "@material/rtl": "0.1.6",
        "@material/theme": "0.1.5",
        "@material/typography": "0.2.2"
      }
    },
    "@material/typography": {
      "version": "0.2.2",
      "resolved": "https://registry.npmjs.org/@material/typography/-/typography-0.2.2.tgz",
      "integrity": "sha1-3F8HY619blrVyGw5SzYPK0zzC7I="
    },
    "async": {
      "version": "2.5.0",
      "resolved": "https://registry.npmjs.org/async/-/async-2.5.0.tgz",
      "integrity": "sha512-e+lJAJeNWuPCNyxZKOBdaJGyLGHugXVQtrAwtuAe2vhxTYxFTKE73p8JuTmdH0qdQZtDvI4dhJwjZc5zsfIsYw==",
      "dev": true,
      "requires": {
        "lodash": "4.17.4"
      }
    },
    "balanced-match": {
      "version": "1.0.0",
      "resolved": "https://registry.npmjs.org/balanced-match/-/balanced-match-1.0.0.tgz",
      "integrity": "sha1-ibTRmasr7kneFk6gK4nORi1xt2c=",
      "dev": true
    },
    "brace-expansion": {
      "version": "1.1.8",
      "resolved": "https://registry.npmjs.org/brace-expansion/-/brace-expansion-1.1.8.tgz",
      "integrity": "sha1-wHshHHyVLsH479Uad+8NHTmQopI=",
      "dev": true,
      "requires": {
        "balanced-match": "1.0.0",
        "concat-map": "0.0.1"
      }
    },
    "concat-map": {
      "version": "0.0.1",
      "resolved": "https://registry.npmjs.org/concat-map/-/concat-map-0.0.1.tgz",
      "integrity": "sha1-2Klr13/Wjfd5OnMDajug1UBdR3s=",
      "dev": true
    },
    "core-util-is": {
      "version": "1.0.2",
      "resolved": "https://registry.npmjs.org/core-util-is/-/core-util-is-1.0.2.tgz",
      "integrity": "sha1-tf1UIgqivFq1eqtxQMlAdUUDwac=",
      "dev": true
    },
    "escape-string-regexp": {
      "version": "1.0.5",
      "resolved": "https://registry.npmjs.org/escape-string-regexp/-/escape-string-regexp-1.0.5.tgz",
      "integrity": "sha1-G2HAViGQqN/2rjuyzwIAyhMLhtQ=",
      "dev": true
    },
    "focus-trap": {
      "version": "2.3.0",
      "resolved": "https://registry.npmjs.org/focus-trap/-/focus-trap-2.3.0.tgz",
      "integrity": "sha1-B8kZZIZ9NGMV9PX434i/lkVTFuI=",
      "requires": {
        "tabbable": "1.0.6"
      }
    },
    "fs.realpath": {
      "version": "1.0.0",
      "resolved": "https://registry.npmjs.org/fs.realpath/-/fs.realpath-1.0.0.tgz",
      "integrity": "sha1-FQStJSMVjKpA20onh8sBQRmU6k8=",
      "dev": true
    },
    "glob": {
      "version": "7.1.2",
      "resolved": "https://registry.npmjs.org/glob/-/glob-7.1.2.tgz",
      "integrity": "sha512-MJTUg1kjuLeQCJ+ccE4Vpa6kKVXkPYJ2mOCQyUuKLcLQsdrMCpBPUi8qVE6+YuaJkozeA9NusTAw3hLr8Xe5EQ==",
      "dev": true,
      "requires": {
        "fs.realpath": "1.0.0",
        "inflight": "1.0.6",
        "inherits": "2.0.3",
        "minimatch": "3.0.4",
        "once": "1.4.0",
        "path-is-absolute": "1.0.1"
      }
    },
    "inflight": {
      "version": "1.0.6",
      "resolved": "https://registry.npmjs.org/inflight/-/inflight-1.0.6.tgz",
      "integrity": "sha1-Sb1jMdfQLQwJvJEKEHW6gWW1bfk=",
      "dev": true,
      "requires": {
        "once": "1.4.0",
        "wrappy": "1.0.2"
      }
    },
    "inherits": {
      "version": "2.0.3",
      "resolved": "https://registry.npmjs.org/inherits/-/inherits-2.0.3.tgz",
      "integrity": "sha1-Yzwsg+PaQqUC9SRmAiSA9CCCYd4=",
      "dev": true
    },
    "isarray": {
      "version": "1.0.0",
      "resolved": "https://registry.npmjs.org/isarray/-/isarray-1.0.0.tgz",
      "integrity": "sha1-u5NdSFgsuhaMBoNJV6VKPgcSTxE=",
      "dev": true
    },
    "lodash": {
      "version": "4.17.4",
      "resolved": "https://registry.npmjs.org/lodash/-/lodash-4.17.4.tgz",
      "integrity": "sha1-eCA6TRwyiuHYbcpkYONptX9AVa4=",
      "dev": true
    },
    "material-components-web": {
      "version": "0.15.0",
      "resolved": "https://registry.npmjs.org/material-components-web/-/material-components-web-0.15.0.tgz",
      "integrity": "sha1-Qoblz2XATSZrdY3vvgsUqQ4cj68=",
      "requires": {
        "@material/animation": "0.2.3",
        "@material/auto-init": "0.1.2",
        "@material/base": "0.2.2",
        "@material/button": "0.3.9",
        "@material/card": "0.2.4",
        "@material/checkbox": "0.4.0",
        "@material/dialog": "0.3.3",
        "@material/drawer": "0.5.2",
        "@material/elevation": "0.1.9",
        "@material/fab": "0.3.11",
        "@material/form-field": "0.2.9",
        "@material/grid-list": "0.2.6",
        "@material/icon-toggle": "0.1.14",
        "@material/layout-grid": "0.4.0",
        "@material/linear-progress": "0.1.4",
        "@material/list": "0.2.12",
        "@material/menu": "0.4.1",
        "@material/radio": "0.2.7",
        "@material/ripple": "0.8.0",
        "@material/select": "0.3.10",
        "@material/slider": "0.2.0",
        "@material/snackbar": "0.3.0",
        "@material/switch": "0.1.9",
        "@material/tabs": "0.2.3",
        "@material/textfield": "0.3.1",
        "@material/theme": "0.1.5",
        "@material/toolbar": "0.4.2",
        "@material/typography": "0.2.2"
      }
    },
    "minimatch": {
      "version": "3.0.4",
      "resolved": "https://registry.npmjs.org/minimatch/-/minimatch-3.0.4.tgz",
      "integrity": "sha512-yJHVQEhyqPLUTgt9B83PXu6W3rx4MvvHvSUvToogpwoGDOUQ+yDrR0HRot+yOCdCO7u4hX3pWft6kWBBcqh0UA==",
      "dev": true,
      "requires": {
        "brace-expansion": "1.1.8"
      }
    },
    "minimist": {
      "version": "0.0.8",
      "resolved": "https://registry.npmjs.org/minimist/-/minimist-0.0.8.tgz",
      "integrity": "sha1-hX/Kv8M5fSYluCKCYuhqp6ARsF0=",
      "dev": true
    },
    "mkdirp": {
      "version": "0.5.1",
      "resolved": "https://registry.npmjs.org/mkdirp/-/mkdirp-0.5.1.tgz",
      "integrity": "sha1-MAV0OOrGz3+MR2fzhkjWaX11yQM=",
      "dev": true,
      "requires": {
        "minimist": "0.0.8"
      }
    },
    "object-assign": {
      "version": "4.1.1",
      "resolved": "https://registry.npmjs.org/object-assign/-/object-assign-4.1.1.tgz",
      "integrity": "sha1-IQmtx5ZYh8/AXLvUQsrIv7s2CGM=",
      "dev": true
    },
    "once": {
      "version": "1.4.0",
      "resolved": "https://registry.npmjs.org/once/-/once-1.4.0.tgz",
      "integrity": "sha1-WDsap3WWHUsROsF9nFC6753Xa9E=",
      "dev": true,
      "requires": {
        "wrappy": "1.0.2"
      }
    },
    "path-is-absolute": {
      "version": "1.0.1",
      "resolved": "https://registry.npmjs.org/path-is-absolute/-/path-is-absolute-1.0.1.tgz",
      "integrity": "sha1-F0uSaHNVNP+8es5r9TpanhtcX18=",
      "dev": true
    },
    "process-nextick-args": {
      "version": "1.0.7",
      "resolved": "https://registry.npmjs.org/process-nextick-args/-/process-nextick-args-1.0.7.tgz",
      "integrity": "sha1-FQ4gt1ZZCtP5EJPyWk8q2L/zC6M=",
      "dev": true
    },
    "readable-stream": {
      "version": "2.3.3",
      "resolved": "https://registry.npmjs.org/readable-stream/-/readable-stream-2.3.3.tgz",
      "integrity": "sha512-m+qzzcn7KUxEmd1gMbchF+Y2eIUbieUaxkWtptyHywrX0rE8QEYqPC07Vuy4Wm32/xE16NcdBctb8S0Xe/5IeQ==",
      "dev": true,
      "requires": {
        "core-util-is": "1.0.2",
        "inherits": "2.0.3",
        "isarray": "1.0.0",
        "process-nextick-args": "1.0.7",
        "safe-buffer": "5.1.1",
        "string_decoder": "1.0.3",
        "util-deprecate": "1.0.2"
      }
    },
    "replacestream": {
      "version": "4.0.2",
      "resolved": "https://registry.npmjs.org/replacestream/-/replacestream-4.0.2.tgz",
      "integrity": "sha1-DEFAcH5PAyP1DeBEhRcIz1i8N70=",
      "dev": true,
      "requires": {
        "escape-string-regexp": "1.0.5",
        "object-assign": "4.1.1",
        "readable-stream": "2.3.3"
      }
    },
    "rimraf": {
      "version": "2.6.1",
      "resolved": "https://registry.npmjs.org/rimraf/-/rimraf-2.6.1.tgz",
      "integrity": "sha1-wjOOxkPfeht/5cVPqG9XQopV8z0=",
      "dev": true,
      "requires": {
        "glob": "7.1.2"
      }
    },
    "safe-buffer": {
      "version": "5.1.1",
      "resolved": "https://registry.npmjs.org/safe-buffer/-/safe-buffer-5.1.1.tgz",
      "integrity": "sha512-kKvNJn6Mm93gAczWVJg7wH+wGYWNrDHdWvpUmHyEsgCtIwwo3bqPtV4tR5tuPaUhTOo/kvhVwd8XwwOllGYkbg==",
      "dev": true
    },
    "string_decoder": {
      "version": "1.0.3",
      "resolved": "https://registry.npmjs.org/string_decoder/-/string_decoder-1.0.3.tgz",
      "integrity": "sha512-4AH6Z5fzNNBcH+6XDMfA/BTt87skxqJlO0lAh3Dker5zThcAxG6mKz+iGu308UKoPPQ8Dcqx/4JhujzltRa+hQ==",
      "dev": true,
      "requires": {
        "safe-buffer": "5.1.1"
      }
    },
    "tabbable": {
      "version": "1.0.6",
      "resolved": "https://registry.npmjs.org/tabbable/-/tabbable-1.0.6.tgz",
      "integrity": "sha1-fCaofqb0ol7fXtthl0WgrnQHJPw="
    },
    "util-deprecate": {
      "version": "1.0.2",
      "resolved": "https://registry.npmjs.org/util-deprecate/-/util-deprecate-1.0.2.tgz",
      "integrity": "sha1-RQ1Nyfpw3nMnYvvS1KKJgUGaDM8=",
      "dev": true
    },
    "wrappy": {
      "version": "1.0.2",
      "resolved": "https://registry.npmjs.org/wrappy/-/wrappy-1.0.2.tgz",
      "integrity": "sha1-tSQ9jz7BqjXxNkYFvA0QNuMKtp8=",
      "dev": true
    }
  }
}
